
Microsoft Visual Studio Solution File, Format Version 12.00
# Visual Studio 15
VisualStudioVersion = 15.0.27130.2027
MinimumVisualStudioVersion = 10.0.40219.1
Project("{FAE04EC0-301F-11D3-BF4B-00C04F79EFBC}") = "Outlook_Read", "Outlook_Read\Outlook_Read.csproj", "{001265C4-DEEA-4550-9088-BE5F925ABB91}"
EndProject
Global
	GlobalSection(SolutionConfigurationPlatforms) = preSolution
		Debug|Any CPU = Debug|Any CPU
		Release|Any CPU = Release|Any CPU
	EndGlobalSection
	GlobalSection(ProjectConfigurationPlatforms) = postSolution
		{001265C4-DEEA-4550-9088-BE5F925ABB91}.Debug|Any CPU.ActiveCfg = Debug|Any CPU
		{001265C4-DEEA-4550-9088-BE5F925ABB91}.Debug|Any CPU.Build.0 = Debug|Any CPU
		{001265C4-DEEA-4550-9088-BE5F925ABB91}.Release|Any CPU.ActiveCfg = Release|Any CPU
		{001265C4-DEEA-4550-9088-BE5F925ABB91}.Release|Any CPU.Build.0 = Release|Any CPU
	EndGlobalSection
	GlobalSection(SolutionProperties) = preSolution
		HideSolutionNode = FALSE
	EndGlobalSection
	GlobalSection(ExtensibilityGlobals) = postSolution
		SolutionGuid = {1BB047FA-3362-4A09-9369-329DE22B1A49}
	EndGlobalSection
EndGlobal
